
Microsoft Visual Studio Solution File, Format Version 12.00
Project("{2150E333-8FDC-42A3-9474-1A3956D46DE8}") = "meta", "meta", "{6151C731-229C-4116-A9D9-6A92977F9AB8}"
	ProjectSection(SolutionItems) = preProject
		Directory.Build.props = Directory.Build.props
		README.md = README.md
		LICENSE = LICENSE
		build_cloudflare.sh = build_cloudflare.sh
		.github\workflows\publish.yml = .github\workflows\publish.yml
		.github\workflows\build.yml = .github\workflows\build.yml
	EndProjectSection
EndProject
Project("{FAE04EC0-301F-11D3-BF4B-00C04F79EFBC}") = "CrossVB6", "CrossVB6\CrossVB6.csproj", "{2ECB6FBF-657B-4184-92AA-533D87E6552C}"
EndProject
Project("{FAE04EC0-301F-11D3-BF4B-00C04F79EFBC}") = "CrossVB6.Host", "CrossVB6.Host\CrossVB6.Host.csproj", "{8D82D230-0216-48B1-8249-34E8DE369906}"
EndProject
Project("{FAE04EC0-301F-11D3-BF4B-00C04F79EFBC}") = "IDE", "IDE\IDE.csproj", "{A07C113B-9A86-4B9B-9841-AA973E769F48}"
EndProject
Global
	GlobalSection(SolutionConfigurationPlatforms) = preSolution
		Debug|Any CPU = Debug|Any CPU
		Debug|x64 = Debug|x64
		Debug|x86 = Debug|x86
		Release|Any CPU = Release|Any CPU
		Release|x64 = Release|x64
		Release|x86 = Release|x86
	EndGlobalSection
	GlobalSection(ProjectConfigurationPlatforms) = postSolution
		{2ECB6FBF-657B-4184-92AA-533D87E6552C}.Debug|Any CPU.ActiveCfg = Debug|Any CPU
		{2ECB6FBF-657B-4184-92AA-533D87E6552C}.Debug|Any CPU.Build.0 = Debug|Any CPU
		{2ECB6FBF-657B-4184-92AA-533D87E6552C}.Debug|x64.ActiveCfg = Debug|Any CPU
		{2ECB6FBF-657B-4184-92AA-533D87E6552C}.Debug|x64.Build.0 = Debug|Any CPU
		{2ECB6FBF-657B-4184-92AA-533D87E6552C}.Debug|x86.ActiveCfg = Debug|Any CPU
		{2ECB6FBF-657B-4184-92AA-533D87E6552C}.Debug|x86.Build.0 = Debug|Any CPU
		{2ECB6FBF-657B-4184-92AA-533D87E6552C}.Release|Any CPU.ActiveCfg = Release|Any CPU
		{2ECB6FBF-657B-4184-92AA-533D87E6552C}.Release|Any CPU.Build.0 = Release|Any CPU
		{2ECB6FBF-657B-4184-92AA-533D87E6552C}.Release|x64.ActiveCfg = Release|Any CPU
		{2ECB6FBF-657B-4184-92AA-533D87E6552C}.Release|x64.Build.0 = Release|Any CPU
		{2ECB6FBF-657B-4184-92AA-533D87E6552C}.Release|x86.ActiveCfg = Release|Any CPU
		{2ECB6FBF-657B-4184-92AA-533D87E6552C}.Release|x86.Build.0 = Release|Any CPU
		{8D82D230-0216-48B1-8249-34E8DE369906}.Debug|Any CPU.ActiveCfg = Debug|Any CPU
		{8D82D230-0216-48B1-8249-34E8DE369906}.Debug|Any CPU.Build.0 = Debug|Any CPU
		{8D82D230-0216-48B1-8249-34E8DE369906}.Debug|x64.ActiveCfg = Debug|Any CPU
		{8D82D230-0216-48B1-8249-34E8DE369906}.Debug|x64.Build.0 = Debug|Any CPU
		{8D82D230-0216-48B1-8249-34E8DE369906}.Debug|x86.ActiveCfg = Debug|Any CPU
		{8D82D230-0216-48B1-8249-34E8DE369906}.Debug|x86.Build.0 = Debug|Any CPU
		{8D82D230-0216-48B1-8249-34E8DE369906}.Release|Any CPU.ActiveCfg = Release|Any CPU
		{8D82D230-0216-48B1-8249-34E8DE369906}.Release|Any CPU.Build.0 = Release|Any CPU
		{8D82D230-0216-48B1-8249-34E8DE369906}.Release|x64.ActiveCfg = Release|Any CPU
		{8D82D230-0216-48B1-8249-34E8DE369906}.Release|x64.Build.0 = Release|Any CPU
		{8D82D230-0216-48B1-8249-34E8DE369906}.Release|x86.ActiveCfg = Release|Any CPU
		{8D82D230-0216-48B1-8249-34E8DE369906}.Release|x86.Build.0 = Release|Any CPU
		{A07C113B-9A86-4B9B-9841-AA973E769F48}.Debug|Any CPU.ActiveCfg = Debug|Any CPU
		{A07C113B-9A86-4B9B-9841-AA973E769F48}.Debug|Any CPU.Build.0 = Debug|Any CPU
		{A07C113B-9A86-4B9B-9841-AA973E769F48}.Debug|x64.ActiveCfg = Debug|Any CPU
		{A07C113B-9A86-4B9B-9841-AA973E769F48}.Debug|x64.Build.0 = Debug|Any CPU
		{A07C113B-9A86-4B9B-9841-AA973E769F48}.Debug|x86.ActiveCfg = Debug|Any CPU
		{A07C113B-9A86-4B9B-9841-AA973E769F48}.Debug|x86.Build.0 = Debug|Any CPU
		{A07C113B-9A86-4B9B-9841-AA973E769F48}.Release|Any CPU.ActiveCfg = Release|Any CPU
		{A07C113B-9A86-4B9B-9841-AA973E769F48}.Release|Any CPU.Build.0 = Release|Any CPU
		{A07C113B-9A86-4B9B-9841-AA973E769F48}.Release|x64.ActiveCfg = Release|Any CPU
		{A07C113B-9A86-4B9B-9841-AA973E769F48}.Release|x64.Build.0 = Release|Any CPU
		{A07C113B-9A86-4B9B-9841-AA973E769F48}.Release|x86.ActiveCfg = Release|Any CPU
		{A07C113B-9A86-4B9B-9841-AA973E769F48}.Release|x86.Build.0 = Release|Any CPU
	EndGlobalSection
	GlobalSection(SolutionProperties) = preSolution
		HideSolutionNode = FALSE
	EndGlobalSection
EndGlobal
